// !$*UTF8*$!
{
	archiveVersion = 1;
	classes = {
	};
	objectVersion = 51;
	objects = {

/* Begin PBXBuildFile section */
		9241CA87240E76E800265E47 /* MusicPlayer.swift in Sources */ = {isa = PBXBuildFile; fileRef = 9241CA86240E76E800265E47 /* MusicPlayer.swift */; };
		9241CA89240E7F7A00265E47 /* TrackLoader.swift in Sources */ = {isa = PBXBuildFile; fileRef = 9241CA88240E7F7A00265E47 /* TrackLoader.swift */; };
		9241CA8B240E7F9300265E47 /* DBService.swift in Sources */ = {isa = PBXBuildFile; fileRef = 9241CA8A240E7F9300265E47 /* DBService.swift */; };
		9241CA8D240E7FA400265E47 /* ImageLoader.swift in Sources */ = {isa = PBXBuildFile; fileRef = 9241CA8C240E7FA400265E47 /* ImageLoader.swift */; };
		9241CA8F240E7FCB00265E47 /* FileManagerControlService.swift in Sources */ = {isa = PBXBuildFile; fileRef = 9241CA8E240E7FCB00265E47 /* FileManagerControlService.swift */; };
		9241CA91240E80D700265E47 /* TrackConverter.swift in Sources */ = {isa = PBXBuildFile; fileRef = 9241CA90240E80D700265E47 /* TrackConverter.swift */; };
		92486D73240EA1B900465ED3 /* Pods_MusicApp.framework in Frameworks */ = {isa = PBXBuildFile; fileRef = B3DB9339DEAD81370BBFCD5E /* Pods_MusicApp.framework */; };
		92486D74240EA1B900465ED3 /* Pods_MusicApp.framework in Embed Frameworks */ = {isa = PBXBuildFile; fileRef = B3DB9339DEAD81370BBFCD5E /* Pods_MusicApp.framework */; settings = {ATTRIBUTES = (CodeSignOnCopy, RemoveHeadersOnCopy, ); }; };
		924D98E923427474008E70A2 /* AppDelegate.swift in Sources */ = {isa = PBXBuildFile; fileRef = 924D98E823427474008E70A2 /* AppDelegate.swift */; };
		924D98EB23427474008E70A2 /* SceneDelegate.swift in Sources */ = {isa = PBXBuildFile; fileRef = 924D98EA23427474008E70A2 /* SceneDelegate.swift */; };
		924D98F023427474008E70A2 /* Main.storyboard in Resources */ = {isa = PBXBuildFile; fileRef = 924D98EE23427474008E70A2 /* Main.storyboard */; };
		924D98F523427478008E70A2 /* LaunchScreen.storyboard in Resources */ = {isa = PBXBuildFile; fileRef = 924D98F323427478008E70A2 /* LaunchScreen.storyboard */; };
		926C4127234A16760001DBE7 /* RoundedImageView.swift in Sources */ = {isa = PBXBuildFile; fileRef = 926C4126234A16760001DBE7 /* RoundedImageView.swift */; };
		927D6010235CF16200C02C44 /* TracksTableViewController.swift in Sources */ = {isa = PBXBuildFile; fileRef = 927D600F235CF16200C02C44 /* TracksTableViewController.swift */; };
		927D6012235CF1B500C02C44 /* TracksTableViewModel.swift in Sources */ = {isa = PBXBuildFile; fileRef = 927D6011235CF1B500C02C44 /* TracksTableViewModel.swift */; };
		92817433234B9C7E00113DF4 /* TrackObject.swift in Sources */ = {isa = PBXBuildFile; fileRef = 92817432234B9C7E00113DF4 /* TrackObject.swift */; };
		92817435234BDB6700113DF4 /* TrackSearchConstants.swift in Sources */ = {isa = PBXBuildFile; fileRef = 92817434234BDB6700113DF4 /* TrackSearchConstants.swift */; };
		92833BE8236A064900A7E09F /* PlayerMainViewController.swift in Sources */ = {isa = PBXBuildFile; fileRef = 92833BE7236A064900A7E09F /* PlayerMainViewController.swift */; };
		92833BEE236A51FC00A7E09F /* View.xib in Resources */ = {isa = PBXBuildFile; fileRef = 92833BED236A51FC00A7E09F /* View.xib */; };
		92A03DAC234D027C005BC7FD /* PlaylistViewController.swift in Sources */ = {isa = PBXBuildFile; fileRef = 92A03DAB234D027C005BC7FD /* PlaylistViewController.swift */; };
		92A03DB0234D060E005BC7FD /* PlaylistConstants.swift in Sources */ = {isa = PBXBuildFile; fileRef = 92A03DAF234D060E005BC7FD /* PlaylistConstants.swift */; };
		92A03DB3234D09C6005BC7FD /* RealmDBService.swift in Sources */ = {isa = PBXBuildFile; fileRef = 92A03DB2234D09C6005BC7FD /* RealmDBService.swift */; };
		92A583232359E4BE00A8A645 /* PlayerViewController.swift in Sources */ = {isa = PBXBuildFile; fileRef = 92A583222359E4BE00A8A645 /* PlayerViewController.swift */; };
		92A583252359E53900A8A645 /* FloatExtension.swift in Sources */ = {isa = PBXBuildFile; fileRef = 92A583242359E53900A8A645 /* FloatExtension.swift */; };
		92A583282359E6C700A8A645 /* PlayerViewModel.swift in Sources */ = {isa = PBXBuildFile; fileRef = 92A583272359E6C700A8A645 /* PlayerViewModel.swift */; };
		92A5832A2359E73000A8A645 /* MPVolumeViewExtension.swift in Sources */ = {isa = PBXBuildFile; fileRef = 92A583292359E73000A8A645 /* MPVolumeViewExtension.swift */; };
		92A5832E2359E83000A8A645 /* UIButtonExtension.swift in Sources */ = {isa = PBXBuildFile; fileRef = 92A5832D2359E83000A8A645 /* UIButtonExtension.swift */; };
		92AA85DD23528639004F5F5D /* SearchBarExtension.swift in Sources */ = {isa = PBXBuildFile; fileRef = 92AA85DC23528639004F5F5D /* SearchBarExtension.swift */; };
		92C807AC23639BCF00F77ABA /* UIViewControllerExtension.swift in Sources */ = {isa = PBXBuildFile; fileRef = 92C807AB23639BCF00F77ABA /* UIViewControllerExtension.swift */; };
		92CD01572366346F004714C2 /* TrackAlert.swift in Sources */ = {isa = PBXBuildFile; fileRef = 92CD01562366346F004714C2 /* TrackAlert.swift */; };
		92CD015923663618004714C2 /* TrackAlertViewModel.swift in Sources */ = {isa = PBXBuildFile; fileRef = 92CD015823663618004714C2 /* TrackAlertViewModel.swift */; };
		92D6C267235607BD00CE22EB /* UIImageViewExtensions.swift in Sources */ = {isa = PBXBuildFile; fileRef = 92D6C266235607BD00CE22EB /* UIImageViewExtensions.swift */; };
		92E2011B2361B0D500211EC1 /* TracksTableCell.swift in Sources */ = {isa = PBXBuildFile; fileRef = 92E2011A2361B0D500211EC1 /* TracksTableCell.swift */; };
		92E2011F2361B0FA00211EC1 /* TracksTableCellViewModel.swift in Sources */ = {isa = PBXBuildFile; fileRef = 92E2011E2361B0FA00211EC1 /* TracksTableCellViewModel.swift */; };
		92E2012423626ED100211EC1 /* TracksTableCell.xib in Resources */ = {isa = PBXBuildFile; fileRef = 92E2012323626ED100211EC1 /* TracksTableCell.xib */; };
		92E341F323646B650072BA93 /* TrackSearchViewModel.swift in Sources */ = {isa = PBXBuildFile; fileRef = 92E341F223646B650072BA93 /* TrackSearchViewModel.swift */; };
		92E341F8236480B20072BA93 /* PlaylistViewModel.swift in Sources */ = {isa = PBXBuildFile; fileRef = 92E341F7236480B20072BA93 /* PlaylistViewModel.swift */; };
		92ED26C1234B2705007A0DD9 /* MusicPlayerService.swift in Sources */ = {isa = PBXBuildFile; fileRef = 92ED26C0234B2705007A0DD9 /* MusicPlayerService.swift */; };
		92FCDC2723478CD700F70F45 /* TrackSearchViewController.swift in Sources */ = {isa = PBXBuildFile; fileRef = 92FCDC2623478CD700F70F45 /* TrackSearchViewController.swift */; };
		92FCDC2E23479C5C00F70F45 /* Track.swift in Sources */ = {isa = PBXBuildFile; fileRef = 92FCDC2D23479C5C00F70F45 /* Track.swift */; };
		92FCDC322347C90000F70F45 /* TrackLoadingService.swift in Sources */ = {isa = PBXBuildFile; fileRef = 92FCDC312347C90000F70F45 /* TrackLoadingService.swift */; };
		92FCDC342347CE9000F70F45 /* TrackQuery.swift in Sources */ = {isa = PBXBuildFile; fileRef = 92FCDC332347CE9000F70F45 /* TrackQuery.swift */; };
		92FCDC3B2347ECFB00F70F45 /* PlayerViewController.xib in Resources */ = {isa = PBXBuildFile; fileRef = 92FCDC392347ECFB00F70F45 /* PlayerViewController.xib */; };
		92FECD5F235B9E18009E3F41 /* TimeSlider.swift in Sources */ = {isa = PBXBuildFile; fileRef = 92FECD5E235B9E18009E3F41 /* TimeSlider.swift */; };
		92FECD60235BA6E8009E3F41 /* Assets.xcassets in Resources */ = {isa = PBXBuildFile; fileRef = 924D98F123427478008E70A2 /* Assets.xcassets */; };
		92FECD63235BAA6F009E3F41 /* MiniPlayerViewModel.swift in Sources */ = {isa = PBXBuildFile; fileRef = 92FECD62235BAA6F009E3F41 /* MiniPlayerViewModel.swift */; };
		92FECD65235BAA9C009E3F41 /* MiniPlayerViewController.swift in Sources */ = {isa = PBXBuildFile; fileRef = 92FECD64235BAA9C009E3F41 /* MiniPlayerViewController.swift */; };
		92FECD68235BAB2B009E3F41 /* ImageLoadService.swift in Sources */ = {isa = PBXBuildFile; fileRef = 92FECD67235BAB2B009E3F41 /* ImageLoadService.swift */; };
/* End PBXBuildFile section */

/* Begin PBXCopyFilesBuildPhase section */
		92486D75240EA1B900465ED3 /* Embed Frameworks */ = {
			isa = PBXCopyFilesBuildPhase;
			buildActionMask = 2147483647;
			dstPath = "";
			dstSubfolderSpec = 10;
			files = (
				92486D74240EA1B900465ED3 /* Pods_MusicApp.framework in Embed Frameworks */,
			);
			name = "Embed Frameworks";
			runOnlyForDeploymentPostprocessing = 0;
		};
/* End PBXCopyFilesBuildPhase section */

/* Begin PBXFileReference section */
		68CD22C499946E4C4887774D /* Pods-MusicApp.debug.xcconfig */ = {isa = PBXFileReference; includeInIndex = 1; lastKnownFileType = text.xcconfig; name = "Pods-MusicApp.debug.xcconfig"; path = "Target Support Files/Pods-MusicApp/Pods-MusicApp.debug.xcconfig"; sourceTree = "<group>"; };
		9241CA86240E76E800265E47 /* MusicPlayer.swift */ = {isa = PBXFileReference; lastKnownFileType = sourcecode.swift; path = MusicPlayer.swift; sourceTree = "<group>"; };
		9241CA88240E7F7A00265E47 /* TrackLoader.swift */ = {isa = PBXFileReference; lastKnownFileType = sourcecode.swift; path = TrackLoader.swift; sourceTree = "<group>"; };
		9241CA8A240E7F9300265E47 /* DBService.swift */ = {isa = PBXFileReference; lastKnownFileType = sourcecode.swift; path = DBService.swift; sourceTree = "<group>"; };
		9241CA8C240E7FA400265E47 /* ImageLoader.swift */ = {isa = PBXFileReference; lastKnownFileType = sourcecode.swift; path = ImageLoader.swift; sourceTree = "<group>"; };
		9241CA8E240E7FCB00265E47 /* FileManagerControlService.swift */ = {isa = PBXFileReference; lastKnownFileType = sourcecode.swift; path = FileManagerControlService.swift; sourceTree = "<group>"; };
		9241CA90240E80D700265E47 /* TrackConverter.swift */ = {isa = PBXFileReference; lastKnownFileType = sourcecode.swift; path = TrackConverter.swift; sourceTree = "<group>"; };
		924D98E523427474008E70A2 /* MusicApp.app */ = {isa = PBXFileReference; explicitFileType = wrapper.application; includeInIndex = 0; path = MusicApp.app; sourceTree = BUILT_PRODUCTS_DIR; };
		924D98E823427474008E70A2 /* AppDelegate.swift */ = {isa = PBXFileReference; lastKnownFileType = sourcecode.swift; path = AppDelegate.swift; sourceTree = "<group>"; };
		924D98EA23427474008E70A2 /* SceneDelegate.swift */ = {isa = PBXFileReference; lastKnownFileType = sourcecode.swift; path = SceneDelegate.swift; sourceTree = "<group>"; };
		924D98EF23427474008E70A2 /* Base */ = {isa = PBXFileReference; lastKnownFileType = file.storyboard; name = Base; path = Base.lproj/Main.storyboard; sourceTree = "<group>"; };
		924D98F123427478008E70A2 /* Assets.xcassets */ = {isa = PBXFileReference; lastKnownFileType = folder.assetcatalog; path = Assets.xcassets; sourceTree = "<group>"; };
		924D98F423427478008E70A2 /* Base */ = {isa = PBXFileReference; lastKnownFileType = file.storyboard; name = Base; path = Base.lproj/LaunchScreen.storyboard; sourceTree = "<group>"; };
		924D98F623427478008E70A2 /* Info.plist */ = {isa = PBXFileReference; lastKnownFileType = text.plist.xml; path = Info.plist; sourceTree = "<group>"; };
		926C4126234A16760001DBE7 /* RoundedImageView.swift */ = {isa = PBXFileReference; lastKnownFileType = sourcecode.swift; path = RoundedImageView.swift; sourceTree = "<group>"; };
		927D600F235CF16200C02C44 /* TracksTableViewController.swift */ = {isa = PBXFileReference; lastKnownFileType = sourcecode.swift; path = TracksTableViewController.swift; sourceTree = "<group>"; };
		927D6011235CF1B500C02C44 /* TracksTableViewModel.swift */ = {isa = PBXFileReference; lastKnownFileType = sourcecode.swift; path = TracksTableViewModel.swift; sourceTree = "<group>"; };
		92817432234B9C7E00113DF4 /* TrackObject.swift */ = {isa = PBXFileReference; lastKnownFileType = sourcecode.swift; path = TrackObject.swift; sourceTree = "<group>"; };
		92817434234BDB6700113DF4 /* TrackSearchConstants.swift */ = {isa = PBXFileReference; lastKnownFileType = sourcecode.swift; path = TrackSearchConstants.swift; sourceTree = "<group>"; };
		92833BE7236A064900A7E09F /* PlayerMainViewController.swift */ = {isa = PBXFileReference; lastKnownFileType = sourcecode.swift; path = PlayerMainViewController.swift; sourceTree = "<group>"; };
		92833BED236A51FC00A7E09F /* View.xib */ = {isa = PBXFileReference; lastKnownFileType = file.xib; path = View.xib; sourceTree = "<group>"; };
		92A03DAB234D027C005BC7FD /* PlaylistViewController.swift */ = {isa = PBXFileReference; lastKnownFileType = sourcecode.swift; path = PlaylistViewController.swift; sourceTree = "<group>"; };
		92A03DAF234D060E005BC7FD /* PlaylistConstants.swift */ = {isa = PBXFileReference; lastKnownFileType = sourcecode.swift; path = PlaylistConstants.swift; sourceTree = "<group>"; };
		92A03DB2234D09C6005BC7FD /* RealmDBService.swift */ = {isa = PBXFileReference; lastKnownFileType = sourcecode.swift; path = RealmDBService.swift; sourceTree = "<group>"; };
		92A583222359E4BE00A8A645 /* PlayerViewController.swift */ = {isa = PBXFileReference; lastKnownFileType = sourcecode.swift; name = PlayerViewController.swift; path = MusicApp/Player/View/PlayerViewController.swift; sourceTree = SOURCE_ROOT; };
		92A583242359E53900A8A645 /* FloatExtension.swift */ = {isa = PBXFileReference; lastKnownFileType = sourcecode.swift; path = FloatExtension.swift; sourceTree = "<group>"; };
		92A583272359E6C700A8A645 /* PlayerViewModel.swift */ = {isa = PBXFileReference; lastKnownFileType = sourcecode.swift; path = PlayerViewModel.swift; sourceTree = "<group>"; };
		92A583292359E73000A8A645 /* MPVolumeViewExtension.swift */ = {isa = PBXFileReference; lastKnownFileType = sourcecode.swift; path = MPVolumeViewExtension.swift; sourceTree = "<group>"; };
		92A5832D2359E83000A8A645 /* UIButtonExtension.swift */ = {isa = PBXFileReference; lastKnownFileType = sourcecode.swift; path = UIButtonExtension.swift; sourceTree = "<group>"; };
		92AA85DC23528639004F5F5D /* SearchBarExtension.swift */ = {isa = PBXFileReference; lastKnownFileType = sourcecode.swift; path = SearchBarExtension.swift; sourceTree = "<group>"; };
		92C807AB23639BCF00F77ABA /* UIViewControllerExtension.swift */ = {isa = PBXFileReference; lastKnownFileType = sourcecode.swift; path = UIViewControllerExtension.swift; sourceTree = "<group>"; };
		92CD01562366346F004714C2 /* TrackAlert.swift */ = {isa = PBXFileReference; lastKnownFileType = sourcecode.swift; path = TrackAlert.swift; sourceTree = "<group>"; };
		92CD015823663618004714C2 /* TrackAlertViewModel.swift */ = {isa = PBXFileReference; lastKnownFileType = sourcecode.swift; path = TrackAlertViewModel.swift; sourceTree = "<group>"; };
		92D6C266235607BD00CE22EB /* UIImageViewExtensions.swift */ = {isa = PBXFileReference; lastKnownFileType = sourcecode.swift; path = UIImageViewExtensions.swift; sourceTree = "<group>"; };
		92E2011A2361B0D500211EC1 /* TracksTableCell.swift */ = {isa = PBXFileReference; lastKnownFileType = sourcecode.swift; path = TracksTableCell.swift; sourceTree = "<group>"; };
		92E2011E2361B0FA00211EC1 /* TracksTableCellViewModel.swift */ = {isa = PBXFileReference; lastKnownFileType = sourcecode.swift; path = TracksTableCellViewModel.swift; sourceTree = "<group>"; };
		92E2012323626ED100211EC1 /* TracksTableCell.xib */ = {isa = PBXFileReference; lastKnownFileType = file.xib; path = TracksTableCell.xib; sourceTree = "<group>"; };
		92E341F223646B650072BA93 /* TrackSearchViewModel.swift */ = {isa = PBXFileReference; lastKnownFileType = sourcecode.swift; path = TrackSearchViewModel.swift; sourceTree = "<group>"; };
		92E341F7236480B20072BA93 /* PlaylistViewModel.swift */ = {isa = PBXFileReference; lastKnownFileType = sourcecode.swift; path = PlaylistViewModel.swift; sourceTree = "<group>"; };
		92ED26C0234B2705007A0DD9 /* MusicPlayerService.swift */ = {isa = PBXFileReference; lastKnownFileType = sourcecode.swift; path = MusicPlayerService.swift; sourceTree = "<group>"; };
		92FCDC2623478CD700F70F45 /* TrackSearchViewController.swift */ = {isa = PBXFileReference; lastKnownFileType = sourcecode.swift; path = TrackSearchViewController.swift; sourceTree = "<group>"; };
		92FCDC2D23479C5C00F70F45 /* Track.swift */ = {isa = PBXFileReference; lastKnownFileType = sourcecode.swift; path = Track.swift; sourceTree = "<group>"; };
		92FCDC312347C90000F70F45 /* TrackLoadingService.swift */ = {isa = PBXFileReference; lastKnownFileType = sourcecode.swift; path = TrackLoadingService.swift; sourceTree = "<group>"; };
		92FCDC332347CE9000F70F45 /* TrackQuery.swift */ = {isa = PBXFileReference; lastKnownFileType = sourcecode.swift; path = TrackQuery.swift; sourceTree = "<group>"; };
		92FCDC392347ECFB00F70F45 /* PlayerViewController.xib */ = {isa = PBXFileReference; lastKnownFileType = file.xib; path = PlayerViewController.xib; sourceTree = "<group>"; };
		92FECD5E235B9E18009E3F41 /* TimeSlider.swift */ = {isa = PBXFileReference; lastKnownFileType = sourcecode.swift; path = TimeSlider.swift; sourceTree = "<group>"; };
		92FECD62235BAA6F009E3F41 /* MiniPlayerViewModel.swift */ = {isa = PBXFileReference; lastKnownFileType = sourcecode.swift; path = MiniPlayerViewModel.swift; sourceTree = "<group>"; };
		92FECD64235BAA9C009E3F41 /* MiniPlayerViewController.swift */ = {isa = PBXFileReference; lastKnownFileType = sourcecode.swift; path = MiniPlayerViewController.swift; sourceTree = "<group>"; };
		92FECD67235BAB2B009E3F41 /* ImageLoadService.swift */ = {isa = PBXFileReference; lastKnownFileType = sourcecode.swift; path = ImageLoadService.swift; sourceTree = "<group>"; };
		B3DB9339DEAD81370BBFCD5E /* Pods_MusicApp.framework */ = {isa = PBXFileReference; explicitFileType = wrapper.framework; includeInIndex = 0; path = Pods_MusicApp.framework; sourceTree = BUILT_PRODUCTS_DIR; };
		FE18FC221DCBFB9B8FB9101E /* Pods-MusicApp.release.xcconfig */ = {isa = PBXFileReference; includeInIndex = 1; lastKnownFileType = text.xcconfig; name = "Pods-MusicApp.release.xcconfig"; path = "Target Support Files/Pods-MusicApp/Pods-MusicApp.release.xcconfig"; sourceTree = "<group>"; };
/* End PBXFileReference section */

/* Begin PBXFrameworksBuildPhase section */
		924D98E223427474008E70A2 /* Frameworks */ = {
			isa = PBXFrameworksBuildPhase;
			buildActionMask = 2147483647;
			files = (
				92486D73240EA1B900465ED3 /* Pods_MusicApp.framework in Frameworks */,
			);
			runOnlyForDeploymentPostprocessing = 0;
		};
/* End PBXFrameworksBuildPhase section */

/* Begin PBXGroup section */
		52CC8BADE7E4F5F9D7C95A10 /* Frameworks */ = {
			isa = PBXGroup;
			children = (
				B3DB9339DEAD81370BBFCD5E /* Pods_MusicApp.framework */,
			);
			name = Frameworks;
			sourceTree = "<group>";
		};
		920FA37F23664CEF007BE844 /* ViewModel */ = {
			isa = PBXGroup;
			children = (
				92CD015823663618004714C2 /* TrackAlertViewModel.swift */,
			);
			path = ViewModel;
			sourceTree = "<group>";
		};
		920FA38023664CFC007BE844 /* View */ = {
			isa = PBXGroup;
			children = (
				92CD01562366346F004714C2 /* TrackAlert.swift */,
			);
			path = View;
			sourceTree = "<group>";
		};
		921FC1FD234E5B3400E63E4B /* View */ = {
			isa = PBXGroup;
			children = (
				92FECD64235BAA9C009E3F41 /* MiniPlayerViewController.swift */,
			);
			path = View;
			sourceTree = "<group>";
		};
		9241CA84240E75C300265E47 /* Services */ = {
			isa = PBXGroup;
			children = (
				9241CA90240E80D700265E47 /* TrackConverter.swift */,
				92ED26C0234B2705007A0DD9 /* MusicPlayerService.swift */,
				92FECD67235BAB2B009E3F41 /* ImageLoadService.swift */,
				92FCDC312347C90000F70F45 /* TrackLoadingService.swift */,
				92A03DB2234D09C6005BC7FD /* RealmDBService.swift */,
				9241CA8E240E7FCB00265E47 /* FileManagerControlService.swift */,
			);
			path = Services;
			sourceTree = "<group>";
		};
		9241CA85240E76D200265E47 /* Protocols */ = {
			isa = PBXGroup;
			children = (
				9241CA86240E76E800265E47 /* MusicPlayer.swift */,
				9241CA88240E7F7A00265E47 /* TrackLoader.swift */,
				9241CA8A240E7F9300265E47 /* DBService.swift */,
				9241CA8C240E7FA400265E47 /* ImageLoader.swift */,
			);
			path = Protocols;
			sourceTree = "<group>";
		};
		924D98DC23427474008E70A2 = {
			isa = PBXGroup;
			children = (
				924D98E723427474008E70A2 /* MusicApp */,
				924D98E623427474008E70A2 /* Products */,
				BEB7B9B404862C126F3E0D3B /* Pods */,
				52CC8BADE7E4F5F9D7C95A10 /* Frameworks */,
			);
			sourceTree = "<group>";
		};
		924D98E623427474008E70A2 /* Products */ = {
			isa = PBXGroup;
			children = (
				924D98E523427474008E70A2 /* MusicApp.app */,
			);
			name = Products;
			sourceTree = "<group>";
		};
		924D98E723427474008E70A2 /* MusicApp */ = {
			isa = PBXGroup;
			children = (
				9241CA85240E76D200265E47 /* Protocols */,
				9241CA84240E75C300265E47 /* Services */,
				92833BE6236A05EE00A7E09F /* PlayerMain */,
				92CD015523663447004714C2 /* TrackAlert */,
				92D6C2652355FEF300CE22EB /* Extensions */,
				927D600C235CF0FE00C02C44 /* TracksTableView */,
				926C4125234A16500001DBE7 /* Main Views */,
				92A03DA7234D01DF005BC7FD /* Playlist */,
				92FCDC2523478C8100F70F45 /* TrackSearch */,
				92ED26C2234B32EF007A0DD9 /* Mini Player */,
				92FCDC372347ECCE00F70F45 /* Player */,
				92FCDC412347F39100F70F45 /* Supporting Files */,
				924D98F123427478008E70A2 /* Assets.xcassets */,
			);
			path = MusicApp;
			sourceTree = "<group>";
		};
		926C4125234A16500001DBE7 /* Main Views */ = {
			isa = PBXGroup;
			children = (
				924D98EE23427474008E70A2 /* Main.storyboard */,
				926C4126234A16760001DBE7 /* RoundedImageView.swift */,
			);
			path = "Main Views";
			sourceTree = "<group>";
		};
		927D600C235CF0FE00C02C44 /* TracksTableView */ = {
			isa = PBXGroup;
			children = (
				92E201192361B0A600211EC1 /* Cell */,
				927D600D235CF12C00C02C44 /* View */,
				927D600E235CF13200C02C44 /* ViewModel */,
			);
			path = TracksTableView;
			sourceTree = "<group>";
		};
		927D600D235CF12C00C02C44 /* View */ = {
			isa = PBXGroup;
			children = (
				927D600F235CF16200C02C44 /* TracksTableViewController.swift */,
			);
			path = View;
			sourceTree = "<group>";
		};
		927D600E235CF13200C02C44 /* ViewModel */ = {
			isa = PBXGroup;
			children = (
				927D6011235CF1B500C02C44 /* TracksTableViewModel.swift */,
			);
			path = ViewModel;
			sourceTree = "<group>";
		};
		92817439234BE48800113DF4 /* View */ = {
			isa = PBXGroup;
			children = (
				92AA85D9235285B7004F5F5D /* Extensions */,
				92FCDC2623478CD700F70F45 /* TrackSearchViewController.swift */,
			);
			path = View;
			sourceTree = "<group>";
		};
		92833BE6236A05EE00A7E09F /* PlayerMain */ = {
			isa = PBXGroup;
			children = (
				92833BE7236A064900A7E09F /* PlayerMainViewController.swift */,
				92833BED236A51FC00A7E09F /* View.xib */,
			);
			path = PlayerMain;
			sourceTree = "<group>";
		};
		92A03DA7234D01DF005BC7FD /* Playlist */ = {
			isa = PBXGroup;
			children = (
				92E341F62364809D0072BA93 /* ViewModel */,
				92A03DA9234D0206005BC7FD /* Model */,
				92A03DA8234D01F4005BC7FD /* View */,
			);
			path = Playlist;
			sourceTree = "<group>";
		};
		92A03DA8234D01F4005BC7FD /* View */ = {
			isa = PBXGroup;
			children = (
				92A03DAB234D027C005BC7FD /* PlaylistViewController.swift */,
			);
			path = View;
			sourceTree = "<group>";
		};
		92A03DA9234D0206005BC7FD /* Model */ = {
			isa = PBXGroup;
			children = (
				92817432234B9C7E00113DF4 /* TrackObject.swift */,
				92A03DAF234D060E005BC7FD /* PlaylistConstants.swift */,
			);
			path = Model;
			sourceTree = "<group>";
		};
		92A583262359E6AA00A8A645 /* ViewModel */ = {
			isa = PBXGroup;
			children = (
				92A583272359E6C700A8A645 /* PlayerViewModel.swift */,
			);
			path = ViewModel;
			sourceTree = "<group>";
		};
		92AA85D9235285B7004F5F5D /* Extensions */ = {
			isa = PBXGroup;
			children = (
				92AA85DC23528639004F5F5D /* SearchBarExtension.swift */,
			);
			path = Extensions;
			sourceTree = "<group>";
		};
		92CD015523663447004714C2 /* TrackAlert */ = {
			isa = PBXGroup;
			children = (
				920FA37F23664CEF007BE844 /* ViewModel */,
				920FA38023664CFC007BE844 /* View */,
			);
			path = TrackAlert;
			sourceTree = "<group>";
		};
		92D6C2652355FEF300CE22EB /* Extensions */ = {
			isa = PBXGroup;
			children = (
				92D6C266235607BD00CE22EB /* UIImageViewExtensions.swift */,
				92A583242359E53900A8A645 /* FloatExtension.swift */,
				92A583292359E73000A8A645 /* MPVolumeViewExtension.swift */,
				92A5832D2359E83000A8A645 /* UIButtonExtension.swift */,
				92C807AB23639BCF00F77ABA /* UIViewControllerExtension.swift */,
			);
			path = Extensions;
			sourceTree = "<group>";
		};
		92E201192361B0A600211EC1 /* Cell */ = {
			isa = PBXGroup;
			children = (
				92E2011D2361B0E200211EC1 /* ViewModel */,
				92E2011C2361B0DE00211EC1 /* View */,
			);
			path = Cell;
			sourceTree = "<group>";
		};
		92E2011C2361B0DE00211EC1 /* View */ = {
			isa = PBXGroup;
			children = (
				92E2011A2361B0D500211EC1 /* TracksTableCell.swift */,
				92E2012323626ED100211EC1 /* TracksTableCell.xib */,
			);
			path = View;
			sourceTree = "<group>";
		};
		92E2011D2361B0E200211EC1 /* ViewModel */ = {
			isa = PBXGroup;
			children = (
				92E2011E2361B0FA00211EC1 /* TracksTableCellViewModel.swift */,
			);
			path = ViewModel;
			sourceTree = "<group>";
		};
		92E341F123646B530072BA93 /* ViewModel */ = {
			isa = PBXGroup;
			children = (
				92E341F223646B650072BA93 /* TrackSearchViewModel.swift */,
			);
			path = ViewModel;
			sourceTree = "<group>";
		};
		92E341F62364809D0072BA93 /* ViewModel */ = {
			isa = PBXGroup;
			children = (
				92E341F7236480B20072BA93 /* PlaylistViewModel.swift */,
			);
			path = ViewModel;
			sourceTree = "<group>";
		};
		92ED26C2234B32EF007A0DD9 /* Mini Player */ = {
			isa = PBXGroup;
			children = (
				92FECD61235BAA52009E3F41 /* ViewModel */,
				921FC1FD234E5B3400E63E4B /* View */,
			);
			path = "Mini Player";
			sourceTree = "<group>";
		};
		92FCDC2523478C8100F70F45 /* TrackSearch */ = {
			isa = PBXGroup;
			children = (
				92E341F123646B530072BA93 /* ViewModel */,
				92FCDC402347F35E00F70F45 /* Model */,
				92817439234BE48800113DF4 /* View */,
			);
			path = TrackSearch;
			sourceTree = "<group>";
		};
		92FCDC372347ECCE00F70F45 /* Player */ = {
			isa = PBXGroup;
			children = (
				92FCDC3E2347F34500F70F45 /* View */,
				92A583262359E6AA00A8A645 /* ViewModel */,
			);
			path = Player;
			sourceTree = "<group>";
		};
		92FCDC3E2347F34500F70F45 /* View */ = {
			isa = PBXGroup;
			children = (
				92FCDC392347ECFB00F70F45 /* PlayerViewController.xib */,
				92A583222359E4BE00A8A645 /* PlayerViewController.swift */,
				92FECD5E235B9E18009E3F41 /* TimeSlider.swift */,
			);
			path = View;
			sourceTree = "<group>";
		};
		92FCDC402347F35E00F70F45 /* Model */ = {
			isa = PBXGroup;
			children = (
				92FCDC332347CE9000F70F45 /* TrackQuery.swift */,
				92FCDC2D23479C5C00F70F45 /* Track.swift */,
				92817434234BDB6700113DF4 /* TrackSearchConstants.swift */,
			);
			path = Model;
			sourceTree = "<group>";
		};
		92FCDC412347F39100F70F45 /* Supporting Files */ = {
			isa = PBXGroup;
			children = (
				924D98F623427478008E70A2 /* Info.plist */,
				924D98F323427478008E70A2 /* LaunchScreen.storyboard */,
				924D98EA23427474008E70A2 /* SceneDelegate.swift */,
				924D98E823427474008E70A2 /* AppDelegate.swift */,
			);
			path = "Supporting Files";
			sourceTree = "<group>";
		};
		92FECD61235BAA52009E3F41 /* ViewModel */ = {
			isa = PBXGroup;
			children = (
				92FECD62235BAA6F009E3F41 /* MiniPlayerViewModel.swift */,
			);
			path = ViewModel;
			sourceTree = "<group>";
		};
		BEB7B9B404862C126F3E0D3B /* Pods */ = {
			isa = PBXGroup;
			children = (
				68CD22C499946E4C4887774D /* Pods-MusicApp.debug.xcconfig */,
				FE18FC221DCBFB9B8FB9101E /* Pods-MusicApp.release.xcconfig */,
			);
			path = Pods;
			sourceTree = "<group>";
		};
/* End PBXGroup section */

/* Begin PBXNativeTarget section */
		924D98E423427474008E70A2 /* MusicApp */ = {
			isa = PBXNativeTarget;
			buildConfigurationList = 924D98F923427478008E70A2 /* Build configuration list for PBXNativeTarget "MusicApp" */;
			buildPhases = (
				F2C02BC31EBC95F11C9F818D /* [CP] Check Pods Manifest.lock */,
				924D98E123427474008E70A2 /* Sources */,
				924D98E223427474008E70A2 /* Frameworks */,
				924D98E323427474008E70A2 /* Resources */,
				E9470AB852031571536A0DA3 /* [CP] Embed Pods Frameworks */,
				92486D75240EA1B900465ED3 /* Embed Frameworks */,
			);
			buildRules = (
			);
			dependencies = (
			);
			name = MusicApp;
			productName = MusicApp;
			productReference = 924D98E523427474008E70A2 /* MusicApp.app */;
			productType = "com.apple.product-type.application";
		};
/* End PBXNativeTarget section */

/* Begin PBXProject section */
		924D98DD23427474008E70A2 /* Project object */ = {
			isa = PBXProject;
			attributes = {
				LastSwiftUpdateCheck = 1100;
				LastUpgradeCheck = 1100;
				ORGANIZATIONNAME = "Рыжков Артем";
				TargetAttributes = {
					924D98E423427474008E70A2 = {
						CreatedOnToolsVersion = 11.0;
					};
				};
			};
			buildConfigurationList = 924D98E023427474008E70A2 /* Build configuration list for PBXProject "MusicApp" */;
			compatibilityVersion = "Xcode 9.3";
			developmentRegion = en;
			hasScannedForEncodings = 0;
			knownRegions = (
				en,
				Base,
			);
			mainGroup = 924D98DC23427474008E70A2;
			productRefGroup = 924D98E623427474008E70A2 /* Products */;
			projectDirPath = "";
			projectRoot = "";
			targets = (
				924D98E423427474008E70A2 /* MusicApp */,
			);
		};
/* End PBXProject section */

/* Begin PBXResourcesBuildPhase section */
		924D98E323427474008E70A2 /* Resources */ = {
			isa = PBXResourcesBuildPhase;
			buildActionMask = 2147483647;
			files = (
				924D98F523427478008E70A2 /* LaunchScreen.storyboard in Resources */,
				924D98F023427474008E70A2 /* Main.storyboard in Resources */,
				92FCDC3B2347ECFB00F70F45 /* PlayerViewController.xib in Resources */,
				92E2012423626ED100211EC1 /* TracksTableCell.xib in Resources */,
				92833BEE236A51FC00A7E09F /* View.xib in Resources */,
				92FECD60235BA6E8009E3F41 /* Assets.xcassets in Resources */,
			);
			runOnlyForDeploymentPostprocessing = 0;
		};
/* End PBXResourcesBuildPhase section */

/* Begin PBXShellScriptBuildPhase section */
		E9470AB852031571536A0DA3 /* [CP] Embed Pods Frameworks */ = {
			isa = PBXShellScriptBuildPhase;
			buildActionMask = 2147483647;
			files = (
			);
			inputFileListPaths = (
				"${PODS_ROOT}/Target Support Files/Pods-MusicApp/Pods-MusicApp-frameworks-${CONFIGURATION}-input-files.xcfilelist",
			);
			name = "[CP] Embed Pods Frameworks";
			outputFileListPaths = (
				"${PODS_ROOT}/Target Support Files/Pods-MusicApp/Pods-MusicApp-frameworks-${CONFIGURATION}-output-files.xcfilelist",
			);
			runOnlyForDeploymentPostprocessing = 0;
			shellPath = /bin/sh;
			shellScript = "\"${PODS_ROOT}/Target Support Files/Pods-MusicApp/Pods-MusicApp-frameworks.sh\"\n";
			showEnvVarsInLog = 0;
		};
		F2C02BC31EBC95F11C9F818D /* [CP] Check Pods Manifest.lock */ = {
			isa = PBXShellScriptBuildPhase;
			buildActionMask = 2147483647;
			files = (
			);
			inputFileListPaths = (
			);
			inputPaths = (
				"${PODS_PODFILE_DIR_PATH}/Podfile.lock",
				"${PODS_ROOT}/Manifest.lock",
			);
			name = "[CP] Check Pods Manifest.lock";
			outputFileListPaths = (
			);
			outputPaths = (
				"$(DERIVED_FILE_DIR)/Pods-MusicApp-checkManifestLockResult.txt",
			);
			runOnlyForDeploymentPostprocessing = 0;
			shellPath = /bin/sh;
			shellScript = "diff \"${PODS_PODFILE_DIR_PATH}/Podfile.lock\" \"${PODS_ROOT}/Manifest.lock\" > /dev/null\nif [ $? != 0 ] ; then\n    # print error to STDERR\n    echo \"error: The sandbox is not in sync with the Podfile.lock. Run 'pod install' or update your CocoaPods installation.\" >&2\n    exit 1\nfi\n# This output is used by Xcode 'outputs' to avoid re-running this script phase.\necho \"SUCCESS\" > \"${SCRIPT_OUTPUT_FILE_0}\"\n";
			showEnvVarsInLog = 0;
		};
/* End PBXShellScriptBuildPhase section */

/* Begin PBXSourcesBuildPhase section */
		924D98E123427474008E70A2 /* Sources */ = {
			isa = PBXSourcesBuildPhase;
			buildActionMask = 2147483647;
			files = (
				92A03DB0234D060E005BC7FD /* PlaylistConstants.swift in Sources */,
				92FECD68235BAB2B009E3F41 /* ImageLoadService.swift in Sources */,
				92817435234BDB6700113DF4 /* TrackSearchConstants.swift in Sources */,
				92FECD63235BAA6F009E3F41 /* MiniPlayerViewModel.swift in Sources */,
				92FECD5F235B9E18009E3F41 /* TimeSlider.swift in Sources */,
				92D6C267235607BD00CE22EB /* UIImageViewExtensions.swift in Sources */,
				92E2011F2361B0FA00211EC1 /* TracksTableCellViewModel.swift in Sources */,
				927D6010235CF16200C02C44 /* TracksTableViewController.swift in Sources */,
				92A03DB3234D09C6005BC7FD /* RealmDBService.swift in Sources */,
				92833BE8236A064900A7E09F /* PlayerMainViewController.swift in Sources */,
				92FECD65235BAA9C009E3F41 /* MiniPlayerViewController.swift in Sources */,
				92A583282359E6C700A8A645 /* PlayerViewModel.swift in Sources */,
				92A583232359E4BE00A8A645 /* PlayerViewController.swift in Sources */,
				92FCDC2723478CD700F70F45 /* TrackSearchViewController.swift in Sources */,
				924D98E923427474008E70A2 /* AppDelegate.swift in Sources */,
				92E341F8236480B20072BA93 /* PlaylistViewModel.swift in Sources */,
				9241CA8B240E7F9300265E47 /* DBService.swift in Sources */,
				9241CA89240E7F7A00265E47 /* TrackLoader.swift in Sources */,
				92A5832A2359E73000A8A645 /* MPVolumeViewExtension.swift in Sources */,
				924D98EB23427474008E70A2 /* SceneDelegate.swift in Sources */,
				9241CA87240E76E800265E47 /* MusicPlayer.swift in Sources */,
				92C807AC23639BCF00F77ABA /* UIViewControllerExtension.swift in Sources */,
				9241CA8F240E7FCB00265E47 /* FileManagerControlService.swift in Sources */,
				92E2011B2361B0D500211EC1 /* TracksTableCell.swift in Sources */,
				92E341F323646B650072BA93 /* TrackSearchViewModel.swift in Sources */,
				92FCDC2E23479C5C00F70F45 /* Track.swift in Sources */,
				92AA85DD23528639004F5F5D /* SearchBarExtension.swift in Sources */,
				92A583252359E53900A8A645 /* FloatExtension.swift in Sources */,
				92FCDC342347CE9000F70F45 /* TrackQuery.swift in Sources */,
				9241CA8D240E7FA400265E47 /* ImageLoader.swift in Sources */,
				92817433234B9C7E00113DF4 /* TrackObject.swift in Sources */,
				92A5832E2359E83000A8A645 /* UIButtonExtension.swift in Sources */,
				927D6012235CF1B500C02C44 /* TracksTableViewModel.swift in Sources */,
				92A03DAC234D027C005BC7FD /* PlaylistViewController.swift in Sources */,
				92FCDC322347C90000F70F45 /* TrackLoadingService.swift in Sources */,
				92CD015923663618004714C2 /* TrackAlertViewModel.swift in Sources */,
				9241CA91240E80D700265E47 /* TrackConverter.swift in Sources */,
				92CD01572366346F004714C2 /* TrackAlert.swift in Sources */,
				92ED26C1234B2705007A0DD9 /* MusicPlayerService.swift in Sources */,
				926C4127234A16760001DBE7 /* RoundedImageView.swift in Sources */,
			);
			runOnlyForDeploymentPostprocessing = 0;
		};
/* End PBXSourcesBuildPhase section */

/* Begin PBXVariantGroup section */
		924D98EE23427474008E70A2 /* Main.storyboard */ = {
			isa = PBXVariantGroup;
			children = (
				924D98EF23427474008E70A2 /* Base */,
			);
			name = Main.storyboard;
			sourceTree = "<group>";
		};
		924D98F323427478008E70A2 /* LaunchScreen.storyboard */ = {
			isa = PBXVariantGroup;
			children = (
				924D98F423427478008E70A2 /* Base */,
			);
			name = LaunchScreen.storyboard;
			sourceTree = "<group>";
		};
/* End PBXVariantGroup section */

/* Begin XCBuildConfiguration section */
		924D98F723427478008E70A2 /* Debug */ = {
			isa = XCBuildConfiguration;
			buildSettings = {
				ALWAYS_SEARCH_USER_PATHS = NO;
				CLANG_ANALYZER_NONNULL = YES;
				CLANG_ANALYZER_NUMBER_OBJECT_CONVERSION = YES_AGGRESSIVE;
				CLANG_CXX_LANGUAGE_STANDARD = "gnu++14";
				CLANG_CXX_LIBRARY = "libc++";
				CLANG_ENABLE_MODULES = YES;
				CLANG_ENABLE_OBJC_ARC = YES;
				CLANG_ENABLE_OBJC_WEAK = YES;
				CLANG_WARN_BLOCK_CAPTURE_AUTORELEASING = YES;
				CLANG_WARN_BOOL_CONVERSION = YES;
				CLANG_WARN_COMMA = YES;
				CLANG_WARN_CONSTANT_CONVERSION = YES;
				CLANG_WARN_DEPRECATED_OBJC_IMPLEMENTATIONS = YES;
				CLANG_WARN_DIRECT_OBJC_ISA_USAGE = YES_ERROR;
				CLANG_WARN_DOCUMENTATION_COMMENTS = YES;
				CLANG_WARN_EMPTY_BODY = YES;
				CLANG_WARN_ENUM_CONVERSION = YES;
				CLANG_WARN_INFINITE_RECURSION = YES;
				CLANG_WARN_INT_CONVERSION = YES;
				CLANG_WARN_NON_LITERAL_NULL_CONVERSION = YES;
				CLANG_WARN_OBJC_IMPLICIT_RETAIN_SELF = YES;
				CLANG_WARN_OBJC_LITERAL_CONVERSION = YES;
				CLANG_WARN_OBJC_ROOT_CLASS = YES_ERROR;
				CLANG_WARN_RANGE_LOOP_ANALYSIS = YES;
				CLANG_WARN_STRICT_PROTOTYPES = YES;
				CLANG_WARN_SUSPICIOUS_MOVE = YES;
				CLANG_WARN_UNGUARDED_AVAILABILITY = YES_AGGRESSIVE;
				CLANG_WARN_UNREACHABLE_CODE = YES;
				CLANG_WARN__DUPLICATE_METHOD_MATCH = YES;
				COPY_PHASE_STRIP = NO;
				DEBUG_INFORMATION_FORMAT = dwarf;
				ENABLE_STRICT_OBJC_MSGSEND = YES;
				ENABLE_TESTABILITY = YES;
				GCC_C_LANGUAGE_STANDARD = gnu11;
				GCC_DYNAMIC_NO_PIC = NO;
				GCC_NO_COMMON_BLOCKS = YES;
				GCC_OPTIMIZATION_LEVEL = 0;
				GCC_PREPROCESSOR_DEFINITIONS = (
					"DEBUG=1",
					"$(inherited)",
				);
				GCC_WARN_64_TO_32_BIT_CONVERSION = YES;
				GCC_WARN_ABOUT_RETURN_TYPE = YES_ERROR;
				GCC_WARN_UNDECLARED_SELECTOR = YES;
				GCC_WARN_UNINITIALIZED_AUTOS = YES_AGGRESSIVE;
				GCC_WARN_UNUSED_FUNCTION = YES;
				GCC_WARN_UNUSED_VARIABLE = YES;
				IPHONEOS_DEPLOYMENT_TARGET = 13.0;
				MTL_ENABLE_DEBUG_INFO = INCLUDE_SOURCE;
				MTL_FAST_MATH = YES;
				ONLY_ACTIVE_ARCH = YES;
				SDKROOT = iphoneos;
				SWIFT_ACTIVE_COMPILATION_CONDITIONS = DEBUG;
				SWIFT_OPTIMIZATION_LEVEL = "-Onone";
			};
			name = Debug;
		};
		924D98F823427478008E70A2 /* Release */ = {
			isa = XCBuildConfiguration;
			buildSettings = {
				ALWAYS_SEARCH_USER_PATHS = NO;
				CLANG_ANALYZER_NONNULL = YES;
				CLANG_ANALYZER_NUMBER_OBJECT_CONVERSION = YES_AGGRESSIVE;
				CLANG_CXX_LANGUAGE_STANDARD = "gnu++14";
				CLANG_CXX_LIBRARY = "libc++";
				CLANG_ENABLE_MODULES = YES;
				CLANG_ENABLE_OBJC_ARC = YES;
				CLANG_ENABLE_OBJC_WEAK = YES;
				CLANG_WARN_BLOCK_CAPTURE_AUTORELEASING = YES;
				CLANG_WARN_BOOL_CONVERSION = YES;
				CLANG_WARN_COMMA = YES;
				CLANG_WARN_CONSTANT_CONVERSION = YES;
				CLANG_WARN_DEPRECATED_OBJC_IMPLEMENTATIONS = YES;
				CLANG_WARN_DIRECT_OBJC_ISA_USAGE = YES_ERROR;
				CLANG_WARN_DOCUMENTATION_COMMENTS = YES;
				CLANG_WARN_EMPTY_BODY = YES;
				CLANG_WARN_ENUM_CONVERSION = YES;
				CLANG_WARN_INFINITE_RECURSION = YES;
				CLANG_WARN_INT_CONVERSION = YES;
				CLANG_WARN_NON_LITERAL_NULL_CONVERSION = YES;
				CLANG_WARN_OBJC_IMPLICIT_RETAIN_SELF = YES;
				CLANG_WARN_OBJC_LITERAL_CONVERSION = YES;
				CLANG_WARN_OBJC_ROOT_CLASS = YES_ERROR;
				CLANG_WARN_RANGE_LOOP_ANALYSIS = YES;
				CLANG_WARN_STRICT_PROTOTYPES = YES;
				CLANG_WARN_SUSPICIOUS_MOVE = YES;
				CLANG_WARN_UNGUARDED_AVAILABILITY = YES_AGGRESSIVE;
				CLANG_WARN_UNREACHABLE_CODE = YES;
				CLANG_WARN__DUPLICATE_METHOD_MATCH = YES;
				COPY_PHASE_STRIP = NO;
				DEBUG_INFORMATION_FORMAT = "dwarf-with-dsym";
				ENABLE_NS_ASSERTIONS = NO;
				ENABLE_STRICT_OBJC_MSGSEND = YES;
				GCC_C_LANGUAGE_STANDARD = gnu11;
				GCC_NO_COMMON_BLOCKS = YES;
				GCC_WARN_64_TO_32_BIT_CONVERSION = YES;
				GCC_WARN_ABOUT_RETURN_TYPE = YES_ERROR;
				GCC_WARN_UNDECLARED_SELECTOR = YES;
				GCC_WARN_UNINITIALIZED_AUTOS = YES_AGGRESSIVE;
				GCC_WARN_UNUSED_FUNCTION = YES;
				GCC_WARN_UNUSED_VARIABLE = YES;
				IPHONEOS_DEPLOYMENT_TARGET = 13.0;
				MTL_ENABLE_DEBUG_INFO = NO;
				MTL_FAST_MATH = YES;
				SDKROOT = iphoneos;
				SWIFT_COMPILATION_MODE = wholemodule;
				SWIFT_OPTIMIZATION_LEVEL = "-O";
				VALIDATE_PRODUCT = YES;
			};
			name = Release;
		};
		924D98FA23427478008E70A2 /* Debug */ = {
			isa = XCBuildConfiguration;
			baseConfigurationReference = 68CD22C499946E4C4887774D /* Pods-MusicApp.debug.xcconfig */;
			buildSettings = {
				ASSETCATALOG_COMPILER_APPICON_NAME = AppIcon;
				CODE_SIGN_STYLE = Automatic;
				DEVELOPMENT_TEAM = 7UHA847YA4;
				INFOPLIST_FILE = "MusicApp/Supporting Files/Info.plist";
				IPHONEOS_DEPLOYMENT_TARGET = 13.0;
				LD_RUNPATH_SEARCH_PATHS = (
					"$(inherited)",
					"@executable_path/Frameworks",
				);
				PRODUCT_BUNDLE_IDENTIFIER = com.onl1steam.MusicApp;
				PRODUCT_NAME = "$(TARGET_NAME)";
				SWIFT_VERSION = 5.0;
				TARGETED_DEVICE_FAMILY = "1,2";
			};
			name = Debug;
		};
		924D98FB23427478008E70A2 /* Release */ = {
			isa = XCBuildConfiguration;
			baseConfigurationReference = FE18FC221DCBFB9B8FB9101E /* Pods-MusicApp.release.xcconfig */;
			buildSettings = {
				ASSETCATALOG_COMPILER_APPICON_NAME = AppIcon;
				CODE_SIGN_STYLE = Automatic;
				DEVELOPMENT_TEAM = 7UHA847YA4;
				INFOPLIST_FILE = "MusicApp/Supporting Files/Info.plist";
				IPHONEOS_DEPLOYMENT_TARGET = 13.0;
				LD_RUNPATH_SEARCH_PATHS = (
					"$(inherited)",
					"@executable_path/Frameworks",
				);
				PRODUCT_BUNDLE_IDENTIFIER = com.onl1steam.MusicApp;
				PRODUCT_NAME = "$(TARGET_NAME)";
				SWIFT_VERSION = 5.0;
				TARGETED_DEVICE_FAMILY = "1,2";
			};
			name = Release;
		};
/* End XCBuildConfiguration section */

/* Begin XCConfigurationList section */
		924D98E023427474008E70A2 /* Build configuration list for PBXProject "MusicApp" */ = {
			isa = XCConfigurationList;
			buildConfigurations = (
				924D98F723427478008E70A2 /* Debug */,
				924D98F823427478008E70A2 /* Release */,
			);
			defaultConfigurationIsVisible = 0;
			defaultConfigurationName = Release;
		};
		924D98F923427478008E70A2 /* Build configuration list for PBXNativeTarget "MusicApp" */ = {
			isa = XCConfigurationList;
			buildConfigurations = (
				924D98FA23427478008E70A2 /* Debug */,
				924D98FB23427478008E70A2 /* Release */,
			);
			defaultConfigurationIsVisible = 0;
			defaultConfigurationName = Release;
		};
/* End XCConfigurationList section */
	};
	rootObject = 924D98DD23427474008E70A2 /* Project object */;
}
